
Microsoft Visual Studio Solution File, Format Version 12.00
# Visual Studio Version 17
VisualStudioVersion = 17.13.35806.99 d17.13
MinimumVisualStudioVersion = 10.0.40219.1
Project("{8BC9CEB8-8B4A-11D0-8D11-00A0C91BC942}") = "ModalLoopSurprise", "ModalLoopSurprise.vcxproj", "{626AE4A3-720C-4C88-B765-F6287A5E2E36}"
EndProject
Global
	GlobalSection(SolutionConfigurationPlatforms) = preSolution
		Debug|Win32 = Debug|Win32
		Debug|x64 = Debug|x64
		Release|Win32 = Release|Win32
		Release|x64 = Release|x64
	EndGlobalSection
	GlobalSection(ProjectConfigurationPlatforms) = postSolution
		{626AE4A3-720C-4C88-B765-F6287A5E2E36}.Debug|Win32.ActiveCfg = Debug|Win32
		{626AE4A3-720C-4C88-B765-F6287A5E2E36}.Debug|Win32.Build.0 = Debug|Win32
		{626AE4A3-720C-4C88-B765-F6287A5E2E36}.Debug|x64.ActiveCfg = Debug|x64
		{626AE4A3-720C-4C88-B765-F6287A5E2E36}.Debug|x64.Build.0 = Debug|x64
		{626AE4A3-720C-4C88-B765-F6287A5E2E36}.Release|Win32.ActiveCfg = Release|Win32
		{626AE4A3-720C-4C88-B765-F6287A5E2E36}.Release|Win32.Build.0 = Release|Win32
		{626AE4A3-720C-4C88-B765-F6287A5E2E36}.Release|x64.ActiveCfg = Release|x64
		{626AE4A3-720C-4C88-B765-F6287A5E2E36}.Release|x64.Build.0 = Release|x64
	EndGlobalSection
	GlobalSection(SolutionProperties) = preSolution
		HideSolutionNode = FALSE
	EndGlobalSection
	GlobalSection(ExtensibilityGlobals) = postSolution
		SolutionGuid = {1F67BA3B-7422-4634-9333-C2D2CF9D5F33}
	EndGlobalSection
EndGlobal
